# This file is automatically @generated by Cargo.
# It is not intended for manual editing.
version = 4

[[package]]
name = "svm-cli"
version = "0.1.0"

[[package]]
name = "svm-rpc"
version = "0.1.0"

[[package]]
name = "svm-sequencer"
version = "0.1.0"

[[package]]
name = "svm-validator"
version = "0.1.0"
